
Microsoft Visual Studio Solution File, Format Version 12.00
# Visual Studio Version 16
VisualStudioVersion = 16.0.29613.14
MinimumVisualStudioVersion = 10.0.40219.1
Project("{FAE04EC0-301F-11D3-BF4B-00C04F79EFBC}") = "Lab02EDII", "Lab02EDII\Lab02EDII.csproj", "{CEFF3A89-DF02-45AE-8684-2EABB571BDA8}"
EndProject
Global
	GlobalSection(SolutionConfigurationPlatforms) = preSolution
		Debug|Any CPU = Debug|Any CPU
		Release|Any CPU = Release|Any CPU
	EndGlobalSection
	GlobalSection(ProjectConfigurationPlatforms) = postSolution
		{CEFF3A89-DF02-45AE-8684-2EABB571BDA8}.Debug|Any CPU.ActiveCfg = Debug|Any CPU
		{CEFF3A89-DF02-45AE-8684-2EABB571BDA8}.Debug|Any CPU.Build.0 = Debug|Any CPU
		{CEFF3A89-DF02-45AE-8684-2EABB571BDA8}.Release|Any CPU.ActiveCfg = Release|Any CPU
		{CEFF3A89-DF02-45AE-8684-2EABB571BDA8}.Release|Any CPU.Build.0 = Release|Any CPU
	EndGlobalSection
	GlobalSection(SolutionProperties) = preSolution
		HideSolutionNode = FALSE
	EndGlobalSection
	GlobalSection(ExtensibilityGlobals) = postSolution
		SolutionGuid = {EEFA6517-220A-4C87-9CF1-4CF83564BA1B}
	EndGlobalSection
EndGlobal
